lockfileVersion: '9.0'

settings:
  autoInstallPeers: true
  excludeLinksFromLockfile: false

importers:

  .:
    dependencies:
      neotraverse:
        specifier: https://pkg.pr.new/PuruVJ/neotraverse@6c21398
        version: https://pkg.pr.new/PuruVJ/neotraverse@6c21398

packages:

  neotraverse@https://pkg.pr.new/PuruVJ/neotraverse@6c21398:
    resolution: {tarball: https://pkg.pr.new/PuruVJ/neotraverse@6c21398}
    version: 0.6.9-next.0
    engines: {node: '>= 18'}

snapshots:

  neotraverse@https://pkg.pr.new/PuruVJ/neotraverse@6c21398: {}
