lockfileVersion: '9.0'

settings:
  autoInstallPeers: true
  excludeLinksFromLockfile: false

importers:

  .:
    dependencies:
      neotraverse:
        specifier: https://pkg.pr.new/PuruVJ/neotraverse@10
        version: https://pkg.pr.new/PuruVJ/neotraverse@10

packages:

  neotraverse@https://pkg.pr.new/PuruVJ/neotraverse@10:
    resolution: {tarball: https://pkg.pr.new/PuruVJ/neotraverse@10}
    version: 0.6.13
    engines: {node: '>= 18'}

snapshots:

  neotraverse@https://pkg.pr.new/PuruVJ/neotraverse@10: {}
