lockfileVersion: '9.0'

settings:
  autoInstallPeers: true
  excludeLinksFromLockfile: false

importers:

  .:
    dependencies:
      neotraverse:
        specifier: https://pkg.pr.new/PuruVJ/neotraverse@ca447cc
        version: https://pkg.pr.new/PuruVJ/neotraverse@ca447cc

packages:

  neotraverse@https://pkg.pr.new/PuruVJ/neotraverse@ca447cc:
    resolution: {tarball: https://pkg.pr.new/PuruVJ/neotraverse@ca447cc}
    version: 0.6.9-next.0
    engines: {node: '>= 18'}

snapshots:

  neotraverse@https://pkg.pr.new/PuruVJ/neotraverse@ca447cc: {}
