lockfileVersion: '9.0'

settings:
  autoInstallPeers: true
  excludeLinksFromLockfile: false

importers:

  .:
    dependencies:
      neotraverse:
        specifier: ^0.6.12
        version: 0.6.12

packages:

  neotraverse@0.6.12:
    resolution: {integrity: sha512-2+SB0CsPOjEs6f6PZ7ysDKANjn/jLPfJq65QWMQbEDPQWj/S/BzPkePhCDQRU5mmVquIl7FUt88DaCKGjfbZ3g==}
    engines: {node: '>= 18'}

snapshots:

  neotraverse@0.6.12: {}
